{
  "name": "typescript-oymz9k",
  "version": "1.0.0",
  "lockfileVersion": 1,
  "requires": true,
  "dependencies": {
    "@types/node": {
      "version": "16.11.5",
      "resolved": "https://registry.npmjs.org/@types/node/-/node-16.11.5.tgz",
      "integrity": "sha512-NyUV2DGcqYIx9op++MG2+Z4Nhw1tPhi0Wfs81TgncuX1aJC4zf2fgCJlJhl4BW9bCSS04e34VkqmOS96w0XQdg==",
      "dev": true
    }
  }
}
